// !$*UTF8*$!
{
	archiveVersion = 1;
	classes = {
	};
	objectVersion = 46;
	objects = {

/* Begin PBXBuildFile section */
		D3A9CD781C190E7C00AA84D6 /* RCTWeChatIOS.h in CopyFiles */ = {isa = PBXBuildFile; fileRef = D3A9CD771C190E7C00AA84D6 /* RCTWeChatIOS.h */; };
		D3A9CD7A1C190E7C00AA84D6 /* RCTWeChatIOS.m in Sources */ = {isa = PBXBuildFile; fileRef = D3A9CD791C190E7C00AA84D6 /* RCTWeChatIOS.m */; };
		D3A9CD841C190F5D00AA84D6 /* libWeChatSDK.a in Frameworks */ = {isa = PBXBuildFile; fileRef = D3A9CD811C190F5D00AA84D6 /* libWeChatSDK.a */; };
/* End PBXBuildFile section */

/* Begin PBXCopyFilesBuildPhase section */
		D3A9CD721C190E7C00AA84D6 /* CopyFiles */ = {
			isa = PBXCopyFilesBuildPhase;
			buildActionMask = 2147483647;
			dstPath = "include/$(PRODUCT_NAME)";
			dstSubfolderSpec = 16;
			files = (
				D3A9CD781C190E7C00AA84D6 /* RCTWeChatIOS.h in CopyFiles */,
			);
			runOnlyForDeploymentPostprocessing = 0;
		};
/* End PBXCopyFilesBuildPhase section */

/* Begin PBXFileReference section */
		D3A9CD741C190E7C00AA84D6 /* libRCTWeChatIOS.a */ = {isa = PBXFileReference; explicitFileType = archive.ar; includeInIndex = 0; path = libRCTWeChatIOS.a; sourceTree = BUILT_PRODUCTS_DIR; };
		D3A9CD771C190E7C00AA84D6 /* RCTWeChatIOS.h */ = {isa = PBXFileReference; lastKnownFileType = sourcecode.c.h; path = RCTWeChatIOS.h; sourceTree = "<group>"; };
		D3A9CD791C190E7C00AA84D6 /* RCTWeChatIOS.m */ = {isa = PBXFileReference; lastKnownFileType = sourcecode.c.objc; path = RCTWeChatIOS.m; sourceTree = "<group>"; };
		D3A9CD811C190F5D00AA84D6 /* libWeChatSDK.a */ = {isa = PBXFileReference; lastKnownFileType = archive.ar; path = libWeChatSDK.a; sourceTree = "<group>"; };
		D3A9CD821C190F5D00AA84D6 /* WXApi.h */ = {isa = PBXFileReference; fileEncoding = 4; lastKnownFileType = sourcecode.c.h; path = WXApi.h; sourceTree = "<group>"; };
		D3A9CD831C190F5D00AA84D6 /* WXApiObject.h */ = {isa = PBXFileReference; fileEncoding = 4; lastKnownFileType = sourcecode.c.h; path = WXApiObject.h; sourceTree = "<group>"; };
/* End PBXFileReference section */

/* Begin PBXFrameworksBuildPhase section */
		D3A9CD711C190E7C00AA84D6 /* Frameworks */ = {
			isa = PBXFrameworksBuildPhase;
			buildActionMask = 2147483647;
			files = (
				D3A9CD841C190F5D00AA84D6 /* libWeChatSDK.a in Frameworks */,
			);
			runOnlyForDeploymentPostprocessing = 0;
		};
/* End PBXFrameworksBuildPhase section */

/* Begin PBXGroup section */
		D3A9CD6B1C190E7C00AA84D6 = {
			isa = PBXGroup;
			children = (
				D3A9CD801C190F3C00AA84D6 /* SDK */,
				D3A9CD761C190E7C00AA84D6 /* RCTWeChatIOS */,
				D3A9CD751C190E7C00AA84D6 /* Products */,
			);
			sourceTree = "<group>";
		};
		D3A9CD751C190E7C00AA84D6 /* Products */ = {
			isa = PBXGroup;
			children = (
				D3A9CD741C190E7C00AA84D6 /* libRCTWeChatIOS.a */,
			);
			name = Products;
			sourceTree = "<group>";
		};
		D3A9CD761C190E7C00AA84D6 /* RCTWeChatIOS */ = {
			isa = PBXGroup;
			children = (
				D3A9CD771C190E7C00AA84D6 /* RCTWeChatIOS.h */,
				D3A9CD791C190E7C00AA84D6 /* RCTWeChatIOS.m */,
			);
			path = RCTWeChatIOS;
			sourceTree = "<group>";
		};
		D3A9CD801C190F3C00AA84D6 /* SDK */ = {
			isa = PBXGroup;
			children = (
				D3A9CD811C190F5D00AA84D6 /* libWeChatSDK.a */,
				D3A9CD821C190F5D00AA84D6 /* WXApi.h */,
				D3A9CD831C190F5D00AA84D6 /* WXApiObject.h */,
			);
			name = SDK;
			sourceTree = "<group>";
		};
/* End PBXGroup section */

/* Begin PBXNativeTarget section */
		D3A9CD731C190E7C00AA84D6 /* RCTWeChatIOS */ = {
			isa = PBXNativeTarget;
			buildConfigurationList = D3A9CD7D1C190E7C00AA84D6 /* Build configuration list for PBXNativeTarget "RCTWeChatIOS" */;
			buildPhases = (
				D3A9CD701C190E7C00AA84D6 /* Sources */,
				D3A9CD711C190E7C00AA84D6 /* Frameworks */,
				D3A9CD721C190E7C00AA84D6 /* CopyFiles */,
			);
			buildRules = (
			);
			dependencies = (
			);
			name = RCTWeChatIOS;
			productName = RCTWeChatIOS;
			productReference = D3A9CD741C190E7C00AA84D6 /* libRCTWeChatIOS.a */;
			productType = "com.apple.product-type.library.static";
		};
/* End PBXNativeTarget section */

/* Begin PBXProject section */
		D3A9CD6C1C190E7C00AA84D6 /* Project object */ = {
			isa = PBXProject;
			attributes = {
				LastUpgradeCheck = 0710;
				ORGANIZATIONNAME = ziyan;
				TargetAttributes = {
					D3A9CD731C190E7C00AA84D6 = {
						CreatedOnToolsVersion = 7.1.1;
					};
				};
			};
			buildConfigurationList = D3A9CD6F1C190E7C00AA84D6 /* Build configuration list for PBXProject "RCTWeChatIOS" */;
			compatibilityVersion = "Xcode 3.2";
			developmentRegion = English;
			hasScannedForEncodings = 0;
			knownRegions = (
				en,
			);
			mainGroup = D3A9CD6B1C190E7C00AA84D6;
			productRefGroup = D3A9CD751C190E7C00AA84D6 /* Products */;
			projectDirPath = "";
			projectRoot = "";
			targets = (
				D3A9CD731C190E7C00AA84D6 /* RCTWeChatIOS */,
			);
		};
/* End PBXProject section */

/* Begin PBXSourcesBuildPhase section */
		D3A9CD701C190E7C00AA84D6 /* Sources */ = {
			isa = PBXSourcesBuildPhase;
			buildActionMask = 2147483647;
			files = (
				D3A9CD7A1C190E7C00AA84D6 /* RCTWeChatIOS.m in Sources */,
			);
			runOnlyForDeploymentPostprocessing = 0;
		};
/* End PBXSourcesBuildPhase section */

/* Begin XCBuildConfiguration section */
		D3A9CD7B1C190E7C00AA84D6 /* Debug */ = {
			isa = XCBuildConfiguration;
			buildSettings = {
				ALWAYS_SEARCH_USER_PATHS = NO;
				CLANG_CXX_LANGUAGE_STANDARD = "gnu++0x";
				CLANG_CXX_LIBRARY = "libc++";
				CLANG_ENABLE_MODULES = YES;
				CLANG_ENABLE_OBJC_ARC = YES;
				CLANG_WARN_BOOL_CONVERSION = YES;
				CLANG_WARN_CONSTANT_CONVERSION = YES;
				CLANG_WARN_DIRECT_OBJC_ISA_USAGE = YES_ERROR;
				CLANG_WARN_EMPTY_BODY = YES;
				CLANG_WARN_ENUM_CONVERSION = YES;
				CLANG_WARN_INT_CONVERSION = YES;
				CLANG_WARN_OBJC_ROOT_CLASS = YES_ERROR;
				CLANG_WARN_UNREACHABLE_CODE = YES;
				CLANG_WARN__DUPLICATE_METHOD_MATCH = YES;
				"CODE_SIGN_IDENTITY[sdk=iphoneos*]" = "iPhone Developer";
				COPY_PHASE_STRIP = NO;
				DEBUG_INFORMATION_FORMAT = dwarf;
				ENABLE_STRICT_OBJC_MSGSEND = YES;
				ENABLE_TESTABILITY = YES;
				GCC_C_LANGUAGE_STANDARD = gnu99;
				GCC_DYNAMIC_NO_PIC = NO;
				GCC_NO_COMMON_BLOCKS = YES;
				GCC_OPTIMIZATION_LEVEL = 0;
				GCC_PREPROCESSOR_DEFINITIONS = (
					"DEBUG=1",
					"$(inherited)",
				);
				GCC_WARN_64_TO_32_BIT_CONVERSION = YES;
				GCC_WARN_ABOUT_RETURN_TYPE = YES_ERROR;
				GCC_WARN_UNDECLARED_SELECTOR = YES;
				GCC_WARN_UNINITIALIZED_AUTOS = YES_AGGRESSIVE;
				GCC_WARN_UNUSED_FUNCTION = YES;
				GCC_WARN_UNUSED_VARIABLE = YES;
				IPHONEOS_DEPLOYMENT_TARGET = 9.1;
				MTL_ENABLE_DEBUG_INFO = YES;
				ONLY_ACTIVE_ARCH = YES;
				SDKROOT = iphoneos;
			};
			name = Debug;
		};
		D3A9CD7C1C190E7C00AA84D6 /* Release */ = {
			isa = XCBuildConfiguration;
			buildSettings = {
				ALWAYS_SEARCH_USER_PATHS = NO;
				CLANG_CXX_LANGUAGE_STANDARD = "gnu++0x";
				CLANG_CXX_LIBRARY = "libc++";
				CLANG_ENABLE_MODULES = YES;
				CLANG_ENABLE_OBJC_ARC = YES;
				CLANG_WARN_BOOL_CONVERSION = YES;
				CLANG_WARN_CONSTANT_CONVERSION = YES;
				CLANG_WARN_DIRECT_OBJC_ISA_USAGE = YES_ERROR;
				CLANG_WARN_EMPTY_BODY = YES;
				CLANG_WARN_ENUM_CONVERSION = YES;
				CLANG_WARN_INT_CONVERSION = YES;
				CLANG_WARN_OBJC_ROOT_CLASS = YES_ERROR;
				CLANG_WARN_UNREACHABLE_CODE = YES;
				CLANG_WARN__DUPLICATE_METHOD_MATCH = YES;
				"CODE_SIGN_IDENTITY[sdk=iphoneos*]" = "iPhone Developer";
				COPY_PHASE_STRIP = NO;
				DEBUG_INFORMATION_FORMAT = "dwarf-with-dsym";
				ENABLE_NS_ASSERTIONS = NO;
				ENABLE_STRICT_OBJC_MSGSEND = YES;
				GCC_C_LANGUAGE_STANDARD = gnu99;
				GCC_NO_COMMON_BLOCKS = YES;
				GCC_WARN_64_TO_32_BIT_CONVERSION = YES;
				GCC_WARN_ABOUT_RETURN_TYPE = YES_ERROR;
				GCC_WARN_UNDECLARED_SELECTOR = YES;
				GCC_WARN_UNINITIALIZED_AUTOS = YES_AGGRESSIVE;
				GCC_WARN_UNUSED_FUNCTION = YES;
				GCC_WARN_UNUSED_VARIABLE = YES;
				IPHONEOS_DEPLOYMENT_TARGET = 9.1;
				MTL_ENABLE_DEBUG_INFO = NO;
				SDKROOT = iphoneos;
				VALIDATE_PRODUCT = YES;
			};
			name = Release;
		};
		D3A9CD7E1C190E7C00AA84D6 /* Debug */ = {
			isa = XCBuildConfiguration;
			buildSettings = {
				LIBRARY_SEARCH_PATHS = (
					"$(inherited)",
					"$(PROJECT_DIR)",
				);
				OTHER_LDFLAGS = "-ObjC";
				PRODUCT_NAME = "$(TARGET_NAME)";
				SKIP_INSTALL = YES;
			};
			name = Debug;
		};
		D3A9CD7F1C190E7C00AA84D6 /* Release */ = {
			isa = XCBuildConfiguration;
			buildSettings = {
				LIBRARY_SEARCH_PATHS = (
					"$(inherited)",
					"$(PROJECT_DIR)",
				);
				OTHER_LDFLAGS = "-ObjC";
				PRODUCT_NAME = "$(TARGET_NAME)";
				SKIP_INSTALL = YES;
			};
			name = Release;
		};
/* End XCBuildConfiguration section */

/* Begin XCConfigurationList section */
		D3A9CD6F1C190E7C00AA84D6 /* Build configuration list for PBXProject "RCTWeChatIOS" */ = {
			isa = XCConfigurationList;
			buildConfigurations = (
				D3A9CD7B1C190E7C00AA84D6 /* Debug */,
				D3A9CD7C1C190E7C00AA84D6 /* Release */,
			);
			defaultConfigurationIsVisible = 0;
			defaultConfigurationName = Release;
		};
		D3A9CD7D1C190E7C00AA84D6 /* Build configuration list for PBXNativeTarget "RCTWeChatIOS" */ = {
			isa = XCConfigurationList;
			buildConfigurations = (
				D3A9CD7E1C190E7C00AA84D6 /* Debug */,
				D3A9CD7F1C190E7C00AA84D6 /* Release */,
			);
			defaultConfigurationIsVisible = 0;
		};
/* End XCConfigurationList section */
	};
	rootObject = D3A9CD6C1C190E7C00AA84D6 /* Project object */;
}
